
Microsoft Visual Studio Solution File, Format Version 12.00
# Visual Studio Version 16
VisualStudioVersion = 16.0.29806.167
MinimumVisualStudioVersion = 10.0.40219.1
Project("{9A19103F-16F7-4668-BE54-9A1E7A4F7556}") = "TrainTrack", "TrainTrack\TrainTrack.csproj", "{46CBD007-0A63-46CF-8353-C4769616D430}"
EndProject
Project("{FAE04EC0-301F-11D3-BF4B-00C04F79EFBC}") = "TrainTrack.Tests", "TrainTrack.Tests\TrainTrack.Tests.csproj", "{871078C7-1EBB-4588-8830-47CD580603F3}"
EndProject
Global
	GlobalSection(SolutionConfigurationPlatforms) = preSolution
		Debug|Any CPU = Debug|Any CPU
		Release|Any CPU = Release|Any CPU
	EndGlobalSection
	GlobalSection(ProjectConfigurationPlatforms) = postSolution
		{46CBD007-0A63-46CF-8353-C4769616D430}.Debug|Any CPU.ActiveCfg = Debug|Any CPU
		{46CBD007-0A63-46CF-8353-C4769616D430}.Debug|Any CPU.Build.0 = Debug|Any CPU
		{46CBD007-0A63-46CF-8353-C4769616D430}.Release|Any CPU.ActiveCfg = Release|Any CPU
		{46CBD007-0A63-46CF-8353-C4769616D430}.Release|Any CPU.Build.0 = Release|Any CPU
		{871078C7-1EBB-4588-8830-47CD580603F3}.Debug|Any CPU.ActiveCfg = Debug|Any CPU
		{871078C7-1EBB-4588-8830-47CD580603F3}.Debug|Any CPU.Build.0 = Debug|Any CPU
		{871078C7-1EBB-4588-8830-47CD580603F3}.Release|Any CPU.ActiveCfg = Release|Any CPU
		{871078C7-1EBB-4588-8830-47CD580603F3}.Release|Any CPU.Build.0 = Release|Any CPU
	EndGlobalSection
	GlobalSection(SolutionProperties) = preSolution
		HideSolutionNode = FALSE
	EndGlobalSection
	GlobalSection(ExtensibilityGlobals) = postSolution
		SolutionGuid = {795378BC-AEDA-4B38-B52C-F7EE2E5A3704}
	EndGlobalSection
EndGlobal
